{
	"name": "titanium",
	"version": "5.1.1",
	"lockfileVersion": 1,
	"requires": true,
	"dependencies": {
		"acorn": {
			"version": "2.7.0",
			"resolved": "https://registry.npmjs.org/acorn/-/acorn-2.7.0.tgz",
			"integrity": "sha1-q259nYhqrKiwhbwzEreaGYQz8Oc=",
			"dev": true
		},
		"acorn-globals": {
			"version": "1.0.9",
			"resolved": "https://registry.npmjs.org/acorn-globals/-/acorn-globals-1.0.9.tgz",
			"integrity": "sha1-VbtemGkVB7dFedBRNBMhfDgMVM8=",
			"dev": true,
			"requires": {
				"acorn": "^2.1.0"
			}
		},
		"adm-zip": {
			"version": "0.4.11",
			"resolved": "https://registry.npmjs.org/adm-zip/-/adm-zip-0.4.11.tgz",
			"integrity": "sha512-L8vcjDTCOIJk7wFvmlEUN7AsSb8T+2JrdP7KINBjzr24TJ5Mwj590sLu3BC7zNZowvJWa/JtPmD8eJCzdtDWjA=="
		},
		"ajv": {
			"version": "5.5.2",
			"resolved": "https://registry.npmjs.org/ajv/-/ajv-5.5.2.tgz",
			"integrity": "sha1-c7Xuyj+rZT49P5Qis0GtQiBdyWU=",
			"requires": {
				"co": "^4.6.0",
				"fast-deep-equal": "^1.0.0",
				"fast-json-stable-stringify": "^2.0.0",
				"json-schema-traverse": "^0.3.0"
			}
		},
		"align-text": {
			"version": "0.1.4",
			"resolved": "https://registry.npmjs.org/align-text/-/align-text-0.1.4.tgz",
			"integrity": "sha1-DNkKVhCT810KmSVsIrcGlDP60Rc=",
			"requires": {
				"kind-of": "^3.0.2",
				"longest": "^1.0.1",
				"repeat-string": "^1.5.2"
			}
		},
		"amdefine": {
			"version": "1.0.1",
			"resolved": "https://registry.npmjs.org/amdefine/-/amdefine-1.0.1.tgz",
			"integrity": "sha1-SlKCrBZHKek2Gbz9OtFR+BfOkfU=",
			"dev": true
		},
		"asap": {
			"version": "1.0.0",
			"resolved": "https://registry.npmjs.org/asap/-/asap-1.0.0.tgz",
			"integrity": "sha1-sqRdpf36ILBJb8N2jMJ8EvqRan0=",
			"dev": true
		},
		"asn1": {
			"version": "0.2.3",
			"resolved": "https://registry.npmjs.org/asn1/-/asn1-0.2.3.tgz",
			"integrity": "sha1-2sh4dxPJlmhJ/IGAd36+nB3fO4Y="
		},
		"assert-plus": {
			"version": "1.0.0",
			"resolved": "https://registry.npmjs.org/assert-plus/-/assert-plus-1.0.0.tgz",
			"integrity": "sha1-8S4PPF13sLHN2RRpQuTpbB5N1SU="
		},
		"async": {
			"version": "2.6.1",
			"resolved": "https://registry.npmjs.org/async/-/async-2.6.1.tgz",
			"integrity": "sha512-fNEiL2+AZt6AlAw/29Cr0UDe4sRAHCpEHh54WMz+Bb7QfNcFw4h3loofyJpLeQs4Yx7yuqu/2dLgM5hKOs6HlQ==",
			"requires": {
				"lodash": "^4.17.10"
			}
		},
		"asynckit": {
			"version": "0.4.0",
			"resolved": "https://registry.npmjs.org/asynckit/-/asynckit-0.4.0.tgz",
			"integrity": "sha1-x57Zf380y48robyXkLzDZkdLS3k="
		},
		"aws-sign2": {
			"version": "0.7.0",
			"resolved": "https://registry.npmjs.org/aws-sign2/-/aws-sign2-0.7.0.tgz",
			"integrity": "sha1-tG6JCTSpWR8tL2+G1+ap8bP+dqg="
		},
		"aws4": {
			"version": "1.7.0",
			"resolved": "https://registry.npmjs.org/aws4/-/aws4-1.7.0.tgz",
			"integrity": "sha512-32NDda82rhwD9/JBCCkB+MRYDp0oSvlo2IL6rQWA10PQi7tDUM3eqMSltXmY+Oyl/7N3P3qNtAlv7X0d9bI28w=="
		},
		"balanced-match": {
			"version": "1.0.0",
			"resolved": "https://registry.npmjs.org/balanced-match/-/balanced-match-1.0.0.tgz",
			"integrity": "sha1-ibTRmasr7kneFk6gK4nORi1xt2c=",
			"dev": true
		},
		"bcrypt-pbkdf": {
			"version": "1.0.1",
			"resolved": "https://registry.npmjs.org/bcrypt-pbkdf/-/bcrypt-pbkdf-1.0.1.tgz",
			"integrity": "sha1-Y7xdy2EzG5K8Bf1SiVPDNGKgb40=",
			"optional": true,
			"requires": {
				"tweetnacl": "^0.14.3"
			}
		},
		"brace-expansion": {
			"version": "1.1.11",
			"resolved": "https://registry.npmjs.org/brace-expansion/-/brace-expansion-1.1.11.tgz",
			"integrity": "sha512-iCuPHDFgrHX7H2vEI/5xpz07zSHB00TpugqhmYtVmMO6518mCuRMoOYFldEBl0g187ufozdaHgWKcYFb61qGiA==",
			"dev": true,
			"requires": {
				"balanced-match": "^1.0.0",
				"concat-map": "0.0.1"
			}
		},
		"browser-stdout": {
			"version": "1.3.1",
			"resolved": "https://registry.npmjs.org/browser-stdout/-/browser-stdout-1.3.1.tgz",
			"integrity": "sha512-qhAVI1+Av2X7qelOfAIYwXONood6XlZE/fXaBSmW/T5SzLAmCgzi+eiWE7fUvbHaeNBQH13UftjpXxsfLkMpgw==",
			"dev": true
		},
		"buffer-from": {
			"version": "1.1.0",
			"resolved": "https://registry.npmjs.org/buffer-from/-/buffer-from-1.1.0.tgz",
			"integrity": "sha512-c5mRlguI/Pe2dSZmpER62rSCu0ryKmWddzRYsuXc50U2/g8jMOulc31VZMa4mYx31U5xsmSOpDCgH88Vl9cDGQ=="
		},
		"camelcase": {
			"version": "1.2.1",
			"resolved": "https://registry.npmjs.org/camelcase/-/camelcase-1.2.1.tgz",
			"integrity": "sha1-m7UwTS4LVmmLLHWLCKPqqdqlijk="
		},
		"caseless": {
			"version": "0.12.0",
			"resolved": "https://registry.npmjs.org/caseless/-/caseless-0.12.0.tgz",
			"integrity": "sha1-G2gcIf+EAzyCZUMJBolCDRhxUdw="
		},
		"center-align": {
			"version": "0.1.3",
			"resolved": "https://registry.npmjs.org/center-align/-/center-align-0.1.3.tgz",
			"integrity": "sha1-qg0yYptu6XIgBBHL1EYckHvCt60=",
			"requires": {
				"align-text": "^0.1.3",
				"lazy-cache": "^1.0.3"
			}
		},
		"character-parser": {
			"version": "1.2.1",
			"resolved": "https://registry.npmjs.org/character-parser/-/character-parser-1.2.1.tgz",
			"integrity": "sha1-wN3kqxgnE7kZuXCVmhI+zBow/NY=",
			"dev": true
		},
		"clean-css": {
			"version": "3.4.28",
			"resolved": "https://registry.npmjs.org/clean-css/-/clean-css-3.4.28.tgz",
			"integrity": "sha1-vxlF6C/ICPVWlebd6uwBQA79A/8=",
			"dev": true,
			"requires": {
				"commander": "2.8.x",
				"source-map": "0.4.x"
			},
			"dependencies": {
				"commander": {
					"version": "2.8.1",
					"resolved": "https://registry.npmjs.org/commander/-/commander-2.8.1.tgz",
					"integrity": "sha1-Br42f+v9oMMwqh4qBy09yXYkJdQ=",
					"dev": true,
					"requires": {
						"graceful-readlink": ">= 1.0.0"
					}
				},
				"source-map": {
					"version": "0.4.4",
					"resolved": "https://registry.npmjs.org/source-map/-/source-map-0.4.4.tgz",
					"integrity": "sha1-66T12pwNyZneaAMti092FzZSA2s=",
					"dev": true,
					"requires": {
						"amdefine": ">=0.0.4"
					}
				}
			}
		},
		"cliui": {
			"version": "2.1.0",
			"resolved": "https://registry.npmjs.org/cliui/-/cliui-2.1.0.tgz",
			"integrity": "sha1-S0dXYP+AJkx2LDoXGQMukcf+oNE=",
			"requires": {
				"center-align": "^0.1.1",
				"right-align": "^0.1.1",
				"wordwrap": "0.0.2"
			},
			"dependencies": {
				"wordwrap": {
					"version": "0.0.2",
					"resolved": "https://registry.npmjs.org/wordwrap/-/wordwrap-0.0.2.tgz",
					"integrity": "sha1-t5Zpu0LstAn4PVg8rVLKF+qhZD8="
				}
			}
		},
		"co": {
			"version": "4.6.0",
			"resolved": "https://registry.npmjs.org/co/-/co-4.6.0.tgz",
			"integrity": "sha1-bqa989hTrlTMuOR7+gvz+QMfsYQ="
		},
		"color": {
			"version": "0.8.0",
			"resolved": "https://registry.npmjs.org/color/-/color-0.8.0.tgz",
			"integrity": "sha1-iQwHw/1OZJU3Y4kRz2keVFi2/KU=",
			"requires": {
				"color-convert": "^0.5.0",
				"color-string": "^0.3.0"
			}
		},
		"color-convert": {
			"version": "0.5.3",
			"resolved": "https://registry.npmjs.org/color-convert/-/color-convert-0.5.3.tgz",
			"integrity": "sha1-vbbGnOZg+t/+CwAHzER+G59ygr0="
		},
		"color-name": {
			"version": "1.1.3",
			"resolved": "https://registry.npmjs.org/color-name/-/color-name-1.1.3.tgz",
			"integrity": "sha1-p9BVi9icQveV3UIyj3QIMcpTvCU="
		},
		"color-string": {
			"version": "0.3.0",
			"resolved": "https://registry.npmjs.org/color-string/-/color-string-0.3.0.tgz",
			"integrity": "sha1-J9RvtnAlxcL6JZk7+/V55HhBuZE=",
			"requires": {
				"color-name": "^1.0.0"
			}
		},
		"colornames": {
			"version": "0.0.2",
			"resolved": "https://registry.npmjs.org/colornames/-/colornames-0.0.2.tgz",
			"integrity": "sha1-2BH9bIT1kClJmorEQ2ICk1uSvjE="
		},
		"colors": {
			"version": "1.3.0",
			"resolved": "https://registry.npmjs.org/colors/-/colors-1.3.0.tgz",
			"integrity": "sha512-EDpX3a7wHMWFA7PUHWPHNWqOxIIRSJetuwl0AS5Oi/5FMV8kWm69RTlgm00GKjBO1xFHMtBbL49yRtMMdticBw=="
		},
		"colorspace": {
			"version": "1.0.1",
			"resolved": "https://registry.npmjs.org/colorspace/-/colorspace-1.0.1.tgz",
			"integrity": "sha1-yZx5btMRKLmHalLh7l7gOkpxl0k=",
			"requires": {
				"color": "0.8.x",
				"text-hex": "0.0.x"
			}
		},
		"combined-stream": {
			"version": "1.0.6",
			"resolved": "https://registry.npmjs.org/combined-stream/-/combined-stream-1.0.6.tgz",
			"integrity": "sha1-cj599ugBrFYTETp+RFqbactjKBg=",
			"requires": {
				"delayed-stream": "~1.0.0"
			}
		},
		"commander": {
			"version": "2.6.0",
			"resolved": "https://registry.npmjs.org/commander/-/commander-2.6.0.tgz",
			"integrity": "sha1-nfflL7Kgyw+4kFjugMMQQiXzfh0=",
			"dev": true
		},
		"concat-map": {
			"version": "0.0.1",
			"resolved": "https://registry.npmjs.org/concat-map/-/concat-map-0.0.1.tgz",
			"integrity": "sha1-2Klr13/Wjfd5OnMDajug1UBdR3s=",
			"dev": true
		},
		"constantinople": {
			"version": "3.0.2",
			"resolved": "https://registry.npmjs.org/constantinople/-/constantinople-3.0.2.tgz",
			"integrity": "sha1-S5RdmTeQe82Y7ldRIsOBdRZUQUE=",
			"dev": true,
			"requires": {
				"acorn": "^2.1.0"
			}
		},
		"core-util-is": {
			"version": "1.0.2",
			"resolved": "https://registry.npmjs.org/core-util-is/-/core-util-is-1.0.2.tgz",
			"integrity": "sha1-tf1UIgqivFq1eqtxQMlAdUUDwac="
		},
		"css": {
			"version": "1.0.8",
			"resolved": "https://registry.npmjs.org/css/-/css-1.0.8.tgz",
			"integrity": "sha1-k4aBHKgrzMnuf7WnMrHioxfIo+c=",
			"dev": true,
			"requires": {
				"css-parse": "1.0.4",
				"css-stringify": "1.0.5"
			}
		},
		"css-parse": {
			"version": "1.0.4",
			"resolved": "https://registry.npmjs.org/css-parse/-/css-parse-1.0.4.tgz",
			"integrity": "sha1-OLBQP7+dqfVOnB29pg4UXHcRe90=",
			"dev": true
		},
		"css-stringify": {
			"version": "1.0.5",
			"resolved": "https://registry.npmjs.org/css-stringify/-/css-stringify-1.0.5.tgz",
			"integrity": "sha1-sNBClG2ylTu50pKQCmy19tASIDE=",
			"dev": true
		},
		"dashdash": {
			"version": "1.14.1",
			"resolved": "https://registry.npmjs.org/dashdash/-/dashdash-1.14.1.tgz",
			"integrity": "sha1-hTz6D3y+L+1d4gMmuN1YEDX24vA=",
			"requires": {
				"assert-plus": "^1.0.0"
			}
		},
		"debug": {
			"version": "3.1.0",
			"resolved": "https://registry.npmjs.org/debug/-/debug-3.1.0.tgz",
			"integrity": "sha512-OX8XqP7/1a9cqkxYw2yXss15f26NKWBpDXQd0/uK/KPqdQhxbPa994hnzjcE2VqQpDslf55723cKPUOGSmMY3g==",
			"dev": true,
			"requires": {
				"ms": "2.0.0"
			},
			"dependencies": {
				"ms": {
					"version": "2.0.0",
					"resolved": "https://registry.npmjs.org/ms/-/ms-2.0.0.tgz",
					"integrity": "sha1-VgiurfwAvmwpAd9fmGF4jeDVl8g=",
					"dev": true
				}
			}
		},
		"decamelize": {
			"version": "1.2.0",
			"resolved": "https://registry.npmjs.org/decamelize/-/decamelize-1.2.0.tgz",
			"integrity": "sha1-9lNNFRSCabIDUue+4m9QH5oZEpA="
		},
		"delayed-stream": {
			"version": "1.0.0",
			"resolved": "https://registry.npmjs.org/delayed-stream/-/delayed-stream-1.0.0.tgz",
			"integrity": "sha1-3zrhmayt+31ECqrgsp4icrJOxhk="
		},
		"diagnostics": {
			"version": "1.1.0",
			"resolved": "https://registry.npmjs.org/diagnostics/-/diagnostics-1.1.0.tgz",
			"integrity": "sha1-4QkJALSVI+hSe+IPCBJ1IF8q42o=",
			"requires": {
				"colorspace": "1.0.x",
				"enabled": "1.0.x",
				"kuler": "0.0.x"
			}
		},
		"diff": {
			"version": "3.5.0",
			"resolved": "https://registry.npmjs.org/diff/-/diff-3.5.0.tgz",
			"integrity": "sha512-A46qtFgd+g7pDZinpnwiRJtxbC1hpgf0uzP3iG89scHk0AUC7A1TGxf5OiiOUv/JMZR8GOt8hL900hV0bOy5xA=="
		},
		"ecc-jsbn": {
			"version": "0.1.1",
			"resolved": "https://registry.npmjs.org/ecc-jsbn/-/ecc-jsbn-0.1.1.tgz",
			"integrity": "sha1-D8c6ntXw1Tw4GTOYUj735UN3dQU=",
			"optional": true,
			"requires": {
				"jsbn": "~0.1.0"
			}
		},
		"enabled": {
			"version": "1.0.2",
			"resolved": "https://registry.npmjs.org/enabled/-/enabled-1.0.2.tgz",
			"integrity": "sha1-ll9lE9LC0cX0ZStkouM5ZGf8L5M=",
			"requires": {
				"env-variable": "0.0.x"
			}
		},
		"env-variable": {
			"version": "0.0.4",
			"resolved": "https://registry.npmjs.org/env-variable/-/env-variable-0.0.4.tgz",
			"integrity": "sha512-+jpGxSWG4vr6gVxUHOc4p+ilPnql7NzZxOZBxNldsKGjCF+97df3CbuX7XMaDa5oAVkKQj4rKp38rYdC4VcpDg=="
		},
		"escape-string-regexp": {
			"version": "1.0.5",
			"resolved": "https://registry.npmjs.org/escape-string-regexp/-/escape-string-regexp-1.0.5.tgz",
			"integrity": "sha1-G2HAViGQqN/2rjuyzwIAyhMLhtQ=",
			"dev": true
		},
		"extend": {
			"version": "3.0.1",
			"resolved": "https://registry.npmjs.org/extend/-/extend-3.0.1.tgz",
			"integrity": "sha1-p1Xqe8Gt/MWjHOfnYtuq3F5jZEQ="
		},
		"extsprintf": {
			"version": "1.3.0",
			"resolved": "https://registry.npmjs.org/extsprintf/-/extsprintf-1.3.0.tgz",
			"integrity": "sha1-lpGEQOMEGnpBT4xS48V06zw+HgU="
		},
		"fast-deep-equal": {
			"version": "1.1.0",
			"resolved": "https://registry.npmjs.org/fast-deep-equal/-/fast-deep-equal-1.1.0.tgz",
			"integrity": "sha1-wFNHeBfIa1HaqFPIHgWbcz0CNhQ="
		},
		"fast-json-stable-stringify": {
			"version": "2.0.0",
			"resolved": "https://registry.npmjs.org/fast-json-stable-stringify/-/fast-json-stable-stringify-2.0.0.tgz",
			"integrity": "sha1-1RQsDK7msRifh9OnYREGT4bIu/I="
		},
		"fast-safe-stringify": {
			"version": "2.0.4",
			"resolved": "https://registry.npmjs.org/fast-safe-stringify/-/fast-safe-stringify-2.0.4.tgz",
			"integrity": "sha512-mNlGUdKOeGNleyrmgbKYtbnCr9KZkZXU7eM89JRo8vY10f7Ul1Fbj07hUBW3N4fC0xM+fmfFfa2zM7mIizhpNQ=="
		},
		"fecha": {
			"version": "2.3.3",
			"resolved": "https://registry.npmjs.org/fecha/-/fecha-2.3.3.tgz",
			"integrity": "sha512-lUGBnIamTAwk4znq5BcqsDaxSmZ9nDVJaij6NvRt/Tg4R69gERA+otPKbS86ROw9nxVMw2/mp1fnaiWqbs6Sdg=="
		},
		"fields": {
			"version": "0.1.24",
			"resolved": "https://registry.npmjs.org/fields/-/fields-0.1.24.tgz",
			"integrity": "sha1-vtk7HCUh9HBf52T0IJJn/f2J9dM=",
			"requires": {
				"colors": "~0.6.2",
				"keypress": "~0.2.1",
				"sprintf": "~0.1.4"
			},
			"dependencies": {
				"colors": {
					"version": "0.6.2",
					"resolved": "https://registry.npmjs.org/colors/-/colors-0.6.2.tgz",
					"integrity": "sha1-JCP+ZnisDF2uiFLl0OW+CMmXq8w="
				}
			}
		},
		"forever-agent": {
			"version": "0.6.1",
			"resolved": "https://registry.npmjs.org/forever-agent/-/forever-agent-0.6.1.tgz",
			"integrity": "sha1-+8cfDEGt6zf5bFd60e1C2P2sypE="
		},
		"form-data": {
			"version": "2.3.2",
			"resolved": "https://registry.npmjs.org/form-data/-/form-data-2.3.2.tgz",
			"integrity": "sha1-SXBJi+YEwgwAXU9cI67NIda0kJk=",
			"requires": {
				"asynckit": "^0.4.0",
				"combined-stream": "1.0.6",
				"mime-types": "^2.1.12"
			}
		},
		"fs-extra": {
			"version": "6.0.1",
			"resolved": "https://registry.npmjs.org/fs-extra/-/fs-extra-6.0.1.tgz",
			"integrity": "sha512-GnyIkKhhzXZUWFCaJzvyDLEEgDkPfb4/TPvJCJVuS8MWZgoSsErf++QpiAlDnKFcqhRlm+tIOcencCjyJE6ZCA==",
			"requires": {
				"graceful-fs": "^4.1.2",
				"jsonfile": "^4.0.0",
				"universalify": "^0.1.0"
			}
		},
		"fs.realpath": {
			"version": "1.0.0",
			"resolved": "https://registry.npmjs.org/fs.realpath/-/fs.realpath-1.0.0.tgz",
			"integrity": "sha1-FQStJSMVjKpA20onh8sBQRmU6k8=",
			"dev": true
		},
		"getpass": {
			"version": "0.1.7",
			"resolved": "https://registry.npmjs.org/getpass/-/getpass-0.1.7.tgz",
			"integrity": "sha1-Xv+OPmhNVprkyysSgmBOi6YhSfo=",
			"requires": {
				"assert-plus": "^1.0.0"
			}
		},
		"glob": {
			"version": "7.1.2",
			"resolved": "https://registry.npmjs.org/glob/-/glob-7.1.2.tgz",
			"integrity": "sha512-MJTUg1kjuLeQCJ+ccE4Vpa6kKVXkPYJ2mOCQyUuKLcLQsdrMCpBPUi8qVE6+YuaJkozeA9NusTAw3hLr8Xe5EQ==",
			"dev": true,
			"requires": {
				"fs.realpath": "^1.0.0",
				"inflight": "^1.0.4",
				"inherits": "2",
				"minimatch": "^3.0.4",
				"once": "^1.3.0",
				"path-is-absolute": "^1.0.0"
			}
		},
		"graceful-fs": {
			"version": "4.1.11",
			"resolved": "https://registry.npmjs.org/graceful-fs/-/graceful-fs-4.1.11.tgz",
			"integrity": "sha1-Dovf5NHduIVNZOBOp8AOKgJuVlg="
		},
		"graceful-readlink": {
			"version": "1.0.1",
			"resolved": "https://registry.npmjs.org/graceful-readlink/-/graceful-readlink-1.0.1.tgz",
			"integrity": "sha1-TK+tdrxi8C+gObL5Tpo906ORpyU=",
			"dev": true
		},
		"growl": {
			"version": "1.10.5",
			"resolved": "https://registry.npmjs.org/growl/-/growl-1.10.5.tgz",
			"integrity": "sha512-qBr4OuELkhPenW6goKVXiv47US3clb3/IbuWF9KNKEijAy9oeHxU9IgzjvJhHkUzhaj7rOUD7+YGWqUjLp5oSA==",
			"dev": true
		},
		"har-schema": {
			"version": "2.0.0",
			"resolved": "https://registry.npmjs.org/har-schema/-/har-schema-2.0.0.tgz",
			"integrity": "sha1-qUwiJOvKwEeCoNkDVSHyRzW37JI="
		},
		"har-validator": {
			"version": "5.0.3",
			"resolved": "https://registry.npmjs.org/har-validator/-/har-validator-5.0.3.tgz",
			"integrity": "sha1-ukAsJmGU8VlW7xXg/PJCmT9qff0=",
			"requires": {
				"ajv": "^5.1.0",
				"har-schema": "^2.0.0"
			}
		},
		"has-flag": {
			"version": "3.0.0",
			"resolved": "https://registry.npmjs.org/has-flag/-/has-flag-3.0.0.tgz",
			"integrity": "sha1-tdRU3CGZriJWmfNGfloH87lVuv0=",
			"dev": true
		},
		"he": {
			"version": "1.1.1",
			"resolved": "https://registry.npmjs.org/he/-/he-1.1.1.tgz",
			"integrity": "sha1-k0EP0hsAlzUVH4howvJx80J+I/0=",
			"dev": true
		},
		"http-signature": {
			"version": "1.2.0",
			"resolved": "https://registry.npmjs.org/http-signature/-/http-signature-1.2.0.tgz",
			"integrity": "sha1-muzZJRFHcvPZW2WmCruPfBj7rOE=",
			"requires": {
				"assert-plus": "^1.0.0",
				"jsprim": "^1.2.2",
				"sshpk": "^1.7.0"
			}
		},
		"humanize": {
			"version": "0.0.9",
			"resolved": "https://registry.npmjs.org/humanize/-/humanize-0.0.9.tgz",
			"integrity": "sha1-GZT/rs3+nEQe0r2sdFK3u0yeQaQ="
		},
		"inflight": {
			"version": "1.0.6",
			"resolved": "https://registry.npmjs.org/inflight/-/inflight-1.0.6.tgz",
			"integrity": "sha1-Sb1jMdfQLQwJvJEKEHW6gWW1bfk=",
			"dev": true,
			"requires": {
				"once": "^1.3.0",
				"wrappy": "1"
			}
		},
		"inherits": {
			"version": "2.0.3",
			"resolved": "https://registry.npmjs.org/inherits/-/inherits-2.0.3.tgz",
			"integrity": "sha1-Yzwsg+PaQqUC9SRmAiSA9CCCYd4="
		},
		"is-buffer": {
			"version": "1.1.6",
			"resolved": "https://registry.npmjs.org/is-buffer/-/is-buffer-1.1.6.tgz",
			"integrity": "sha512-NcdALwpXkTm5Zvvbk7owOUSvVvBKDgKP5/ewfXEznmQFfs4ZRmanOeKBTjRVjka3QFoN6XJ+9F3USqfHqTaU5w=="
		},
		"is-promise": {
			"version": "2.1.0",
			"resolved": "https://registry.npmjs.org/is-promise/-/is-promise-2.1.0.tgz",
			"integrity": "sha1-eaKp7OfwlugPNtKy87wWwf9L8/o=",
			"dev": true
		},
		"is-stream": {
			"version": "1.1.0",
			"resolved": "https://registry.npmjs.org/is-stream/-/is-stream-1.1.0.tgz",
			"integrity": "sha1-EtSj3U5o4Lec6428hBc66A2RykQ="
		},
		"is-typedarray": {
			"version": "1.0.0",
			"resolved": "https://registry.npmjs.org/is-typedarray/-/is-typedarray-1.0.0.tgz",
			"integrity": "sha1-5HnICFjfDBsR3dppQPlgEfzaSpo="
		},
		"isarray": {
			"version": "1.0.0",
			"resolved": "https://registry.npmjs.org/isarray/-/isarray-1.0.0.tgz",
			"integrity": "sha1-u5NdSFgsuhaMBoNJV6VKPgcSTxE="
		},
		"isstream": {
			"version": "0.1.2",
			"resolved": "https://registry.npmjs.org/isstream/-/isstream-0.1.2.tgz",
			"integrity": "sha1-R+Y/evVa+m+S4VAOaQ64uFKcCZo="
		},
		"jade": {
			"version": "1.11.0",
			"resolved": "https://registry.npmjs.org/jade/-/jade-1.11.0.tgz",
			"integrity": "sha1-nIDlOMEtP7lcjZu5VZ+gzAQEBf0=",
			"dev": true,
			"requires": {
				"character-parser": "1.2.1",
				"clean-css": "^3.1.9",
				"commander": "~2.6.0",
				"constantinople": "~3.0.1",
				"jstransformer": "0.0.2",
				"mkdirp": "~0.5.0",
				"transformers": "2.1.0",
				"uglify-js": "^2.4.19",
				"void-elements": "~2.0.1",
				"with": "~4.0.0"
			}
		},
		"jsbn": {
			"version": "0.1.1",
			"resolved": "https://registry.npmjs.org/jsbn/-/jsbn-0.1.1.tgz",
			"integrity": "sha1-peZUwuWi3rXyAdls77yoDA7y9RM=",
			"optional": true
		},
		"json-schema": {
			"version": "0.2.3",
			"resolved": "https://registry.npmjs.org/json-schema/-/json-schema-0.2.3.tgz",
			"integrity": "sha1-tIDIkuWaLwWVTOcnvT8qTogvnhM="
		},
		"json-schema-traverse": {
			"version": "0.3.1",
			"resolved": "https://registry.npmjs.org/json-schema-traverse/-/json-schema-traverse-0.3.1.tgz",
			"integrity": "sha1-NJptRMU6Ud6JtAgFxdXlm0F9M0A="
		},
		"json-stringify-safe": {
			"version": "5.0.1",
			"resolved": "https://registry.npmjs.org/json-stringify-safe/-/json-stringify-safe-5.0.1.tgz",
			"integrity": "sha1-Epai1Y/UXxmg9s4B1lcB4sc1tus="
		},
		"json3": {
			"version": "3.3.2",
			"resolved": "https://registry.npmjs.org/json3/-/json3-3.3.2.tgz",
			"integrity": "sha1-PAQ0dD35Pi9cQq7nsZvLSDV19OE=",
			"dev": true
		},
		"jsonfile": {
			"version": "4.0.0",
			"resolved": "https://registry.npmjs.org/jsonfile/-/jsonfile-4.0.0.tgz",
			"integrity": "sha1-h3Gq4HmbZAdrdmQPygWPnBDjPss=",
			"requires": {
				"graceful-fs": "^4.1.6"
			}
		},
		"jsprim": {
			"version": "1.4.1",
			"resolved": "https://registry.npmjs.org/jsprim/-/jsprim-1.4.1.tgz",
			"integrity": "sha1-MT5mvB5cwG5Di8G3SZwuXFastqI=",
			"requires": {
				"assert-plus": "1.0.0",
				"extsprintf": "1.3.0",
				"json-schema": "0.2.3",
				"verror": "1.10.0"
			}
		},
		"jstransformer": {
			"version": "0.0.2",
			"resolved": "https://registry.npmjs.org/jstransformer/-/jstransformer-0.0.2.tgz",
			"integrity": "sha1-eq4pqQPRls+glz2IXT5HlH7Ndqs=",
			"dev": true,
			"requires": {
				"is-promise": "^2.0.0",
				"promise": "^6.0.1"
			}
		},
		"keypress": {
			"version": "0.2.1",
			"resolved": "https://registry.npmjs.org/keypress/-/keypress-0.2.1.tgz",
			"integrity": "sha1-HoBFQlABjbrUw/6USX1uZ7YmnHc="
		},
		"kind-of": {
			"version": "3.2.2",
			"resolved": "https://registry.npmjs.org/kind-of/-/kind-of-3.2.2.tgz",
			"integrity": "sha1-MeohpzS6ubuw8yRm2JOupR5KPGQ=",
			"requires": {
				"is-buffer": "^1.1.5"
			}
		},
		"kuler": {
			"version": "0.0.0",
			"resolved": "https://registry.npmjs.org/kuler/-/kuler-0.0.0.tgz",
			"integrity": "sha1-tmu0a5NOVQ9Z2BiEjgq7pPf1VTw=",
			"requires": {
				"colornames": "0.0.2"
			}
		},
		"lazy-cache": {
			"version": "1.0.4",
			"resolved": "https://registry.npmjs.org/lazy-cache/-/lazy-cache-1.0.4.tgz",
			"integrity": "sha1-odePw6UEdMuAhF07O24dpJpEbo4="
		},
		"lodash": {
			"version": "4.17.10",
			"resolved": "https://registry.npmjs.org/lodash/-/lodash-4.17.10.tgz",
			"integrity": "sha512-UejweD1pDoXu+AD825lWwp4ZGtSwgnpZxb3JDViD7StjQz+Nb/6l093lx4OQ0foGWNRoc19mWy7BzL+UAK2iVg=="
		},
		"lodash._baseassign": {
			"version": "3.2.0",
			"resolved": "https://registry.npmjs.org/lodash._baseassign/-/lodash._baseassign-3.2.0.tgz",
			"integrity": "sha1-jDigmVAPIVrQnlnxci/QxSv+Ck4=",
			"dev": true,
			"requires": {
				"lodash._basecopy": "^3.0.0",
				"lodash.keys": "^3.0.0"
			}
		},
		"lodash._basecopy": {
			"version": "3.0.1",
			"resolved": "https://registry.npmjs.org/lodash._basecopy/-/lodash._basecopy-3.0.1.tgz",
			"integrity": "sha1-jaDmqHbPNEwK2KVIghEd08XHyjY=",
			"dev": true
		},
		"lodash._basecreate": {
			"version": "3.0.3",
			"resolved": "https://registry.npmjs.org/lodash._basecreate/-/lodash._basecreate-3.0.3.tgz",
			"integrity": "sha1-G8ZhYU2qf8MRt9A78WgGoCE8+CE=",
			"dev": true
		},
		"lodash._getnative": {
			"version": "3.9.1",
			"resolved": "https://registry.npmjs.org/lodash._getnative/-/lodash._getnative-3.9.1.tgz",
			"integrity": "sha1-VwvH3t5G1hzc3mh9ZdPuy6o6r/U=",
			"dev": true
		},
		"lodash._isiterateecall": {
			"version": "3.0.9",
			"resolved": "https://registry.npmjs.org/lodash._isiterateecall/-/lodash._isiterateecall-3.0.9.tgz",
			"integrity": "sha1-UgOte6Ql+uhCRg5pbbnPPmqsBXw=",
			"dev": true
		},
		"lodash.create": {
			"version": "3.1.1",
			"resolved": "https://registry.npmjs.org/lodash.create/-/lodash.create-3.1.1.tgz",
			"integrity": "sha1-1/KEnw29p+BGgruM1yqwIkYd6+c=",
			"dev": true,
			"requires": {
				"lodash._baseassign": "^3.0.0",
				"lodash._basecreate": "^3.0.0",
				"lodash._isiterateecall": "^3.0.0"
			}
		},
		"lodash.isarguments": {
			"version": "3.1.0",
			"resolved": "https://registry.npmjs.org/lodash.isarguments/-/lodash.isarguments-3.1.0.tgz",
			"integrity": "sha1-L1c9hcaiQon/AGY7SRwdM4/zRYo=",
			"dev": true
		},
		"lodash.isarray": {
			"version": "3.0.4",
			"resolved": "https://registry.npmjs.org/lodash.isarray/-/lodash.isarray-3.0.4.tgz",
			"integrity": "sha1-eeTriMNqgSKvhvhEqpvNhRtfu1U=",
			"dev": true
		},
		"lodash.keys": {
			"version": "3.1.2",
			"resolved": "https://registry.npmjs.org/lodash.keys/-/lodash.keys-3.1.2.tgz",
			"integrity": "sha1-TbwEcrFWvlCgsoaFXRvQsMZWCYo=",
			"dev": true,
			"requires": {
				"lodash._getnative": "^3.0.0",
				"lodash.isarguments": "^3.0.0",
				"lodash.isarray": "^3.0.0"
			}
		},
		"logform": {
			"version": "1.9.0",
			"resolved": "https://registry.npmjs.org/logform/-/logform-1.9.0.tgz",
			"integrity": "sha512-H1gneJlqo1dwmXq52p/X57SztuX20aWQArp69u4x7DDmCkMZgMLtBTm2LMoTz0+wu7HdkICiPj6vBbX8WJFRig==",
			"requires": {
				"colors": "^1.2.1",
				"fast-safe-stringify": "^2.0.4",
				"fecha": "^2.3.3",
				"ms": "^2.1.1",
				"triple-beam": "^1.2.0"
			}
		},
		"longest": {
			"version": "1.0.1",
			"resolved": "https://registry.npmjs.org/longest/-/longest-1.0.1.tgz",
			"integrity": "sha1-MKCy2jj3N3DoKUoNIuZiXtd9AJc="
		},
		"longjohn": {
			"version": "0.2.12",
			"resolved": "https://registry.npmjs.org/longjohn/-/longjohn-0.2.12.tgz",
			"integrity": "sha1-fKdEawg2VcN351EiE9x1TVKmSn4=",
			"requires": {
				"source-map-support": "0.3.2 - 1.0.0"
			}
		},
		"mime-db": {
			"version": "1.33.0",
			"resolved": "https://registry.npmjs.org/mime-db/-/mime-db-1.33.0.tgz",
			"integrity": "sha512-BHJ/EKruNIqJf/QahvxwQZXKygOQ256myeN/Ew+THcAa5q+PjyTTMMeNQC4DZw5AwfvelsUrA6B67NKMqXDbzQ=="
		},
		"mime-types": {
			"version": "2.1.18",
			"resolved": "https://registry.npmjs.org/mime-types/-/mime-types-2.1.18.tgz",
			"integrity": "sha512-lc/aahn+t4/SWV/qcmumYjymLsWfN3ELhpmVuUFjgsORruuZPVSwAQryq+HHGvO/SI2KVX26bx+En+zhM8g8hQ==",
			"requires": {
				"mime-db": "~1.33.0"
			}
		},
		"minimatch": {
			"version": "3.0.4",
			"resolved": "https://registry.npmjs.org/minimatch/-/minimatch-3.0.4.tgz",
			"integrity": "sha512-yJHVQEhyqPLUTgt9B83PXu6W3rx4MvvHvSUvToogpwoGDOUQ+yDrR0HRot+yOCdCO7u4hX3pWft6kWBBcqh0UA==",
			"dev": true,
			"requires": {
				"brace-expansion": "^1.1.7"
			}
		},
		"minimist": {
			"version": "0.0.10",
			"resolved": "https://registry.npmjs.org/minimist/-/minimist-0.0.10.tgz",
			"integrity": "sha1-3j+YVD2/lggr5IrRoMfNqDYwHc8="
		},
		"mkdirp": {
			"version": "0.5.1",
			"resolved": "https://registry.npmjs.org/mkdirp/-/mkdirp-0.5.1.tgz",
			"integrity": "sha1-MAV0OOrGz3+MR2fzhkjWaX11yQM=",
			"dev": true,
			"requires": {
				"minimist": "0.0.8"
			},
			"dependencies": {
				"minimist": {
					"version": "0.0.8",
					"resolved": "https://registry.npmjs.org/minimist/-/minimist-0.0.8.tgz",
					"integrity": "sha1-hX/Kv8M5fSYluCKCYuhqp6ARsF0=",
					"dev": true
				}
			}
		},
		"mocha": {
			"version": "5.2.0",
			"resolved": "https://registry.npmjs.org/mocha/-/mocha-5.2.0.tgz",
			"integrity": "sha512-2IUgKDhc3J7Uug+FxMXuqIyYzH7gJjXECKe/w43IGgQHTSj3InJi+yAA7T24L9bQMRKiUEHxEX37G5JpVUGLcQ==",
			"dev": true,
			"requires": {
				"browser-stdout": "1.3.1",
				"commander": "2.15.1",
				"debug": "3.1.0",
				"diff": "3.5.0",
				"escape-string-regexp": "1.0.5",
				"glob": "7.1.2",
				"growl": "1.10.5",
				"he": "1.1.1",
				"minimatch": "3.0.4",
				"mkdirp": "0.5.1",
				"supports-color": "5.4.0"
			},
			"dependencies": {
				"commander": {
					"version": "2.15.1",
					"resolved": "https://registry.npmjs.org/commander/-/commander-2.15.1.tgz",
					"integrity": "sha512-VlfT9F3V0v+jr4yxPc5gg9s62/fIVWsd2Bk2iD435um1NlGMYdVCq+MjcXnhYq2icNOizHr1kK+5TI6H0Hy0ag==",
					"dev": true
				}
			}
		},
		"mocha-jenkins-reporter": {
			"version": "0.3.12",
			"resolved": "https://registry.npmjs.org/mocha-jenkins-reporter/-/mocha-jenkins-reporter-0.3.12.tgz",
			"integrity": "sha512-iSRJRA/3zJgyZ6MajwyRcjPBK5axu53huRVJ/W2OPI17YqbO62By88ucZmrNvWB1qY96GjUtkA4s6Fv4CGl0sA==",
			"dev": true,
			"requires": {
				"diff": "1.0.7",
				"mkdirp": "0.5.1",
				"mocha": "^3.0.0",
				"xml": "^1.0.1"
			},
			"dependencies": {
				"browser-stdout": {
					"version": "1.3.0",
					"resolved": "https://registry.npmjs.org/browser-stdout/-/browser-stdout-1.3.0.tgz",
					"integrity": "sha1-81HTKWnTL6XXpVZxVCY9korjvR8=",
					"dev": true
				},
				"commander": {
					"version": "2.9.0",
					"resolved": "https://registry.npmjs.org/commander/-/commander-2.9.0.tgz",
					"integrity": "sha1-nJkJQXbhIkDLItbFFGCYQA/g99Q=",
					"dev": true,
					"requires": {
						"graceful-readlink": ">= 1.0.0"
					}
				},
				"debug": {
					"version": "2.6.8",
					"resolved": "https://registry.npmjs.org/debug/-/debug-2.6.8.tgz",
					"integrity": "sha1-5zFTHKLt4n0YgiJCfaF4IdaP9Pw=",
					"dev": true,
					"requires": {
						"ms": "2.0.0"
					}
				},
				"diff": {
					"version": "1.0.7",
					"resolved": "https://registry.npmjs.org/diff/-/diff-1.0.7.tgz",
					"integrity": "sha1-JLuwAcSn1VIhaefKvbLCgU7ZHPQ=",
					"dev": true
				},
				"glob": {
					"version": "7.1.1",
					"resolved": "https://registry.npmjs.org/glob/-/glob-7.1.1.tgz",
					"integrity": "sha1-gFIR3wT6rxxjo2ADBs31reULLsg=",
					"dev": true,
					"requires": {
						"fs.realpath": "^1.0.0",
						"inflight": "^1.0.4",
						"inherits": "2",
						"minimatch": "^3.0.2",
						"once": "^1.3.0",
						"path-is-absolute": "^1.0.0"
					}
				},
				"growl": {
					"version": "1.9.2",
					"resolved": "https://registry.npmjs.org/growl/-/growl-1.9.2.tgz",
					"integrity": "sha1-Dqd0NxXbjY3ixe3hd14bRayFwC8=",
					"dev": true
				},
				"has-flag": {
					"version": "1.0.0",
					"resolved": "https://registry.npmjs.org/has-flag/-/has-flag-1.0.0.tgz",
					"integrity": "sha1-nZ55MWXOAXoA8AQYxD+UKnsdEfo=",
					"dev": true
				},
				"mocha": {
					"version": "3.5.3",
					"resolved": "https://registry.npmjs.org/mocha/-/mocha-3.5.3.tgz",
					"integrity": "sha512-/6na001MJWEtYxHOV1WLfsmR4YIynkUEhBwzsb+fk2qmQ3iqsi258l/Q2MWHJMImAcNpZ8DEdYAK72NHoIQ9Eg==",
					"dev": true,
					"requires": {
						"browser-stdout": "1.3.0",
						"commander": "2.9.0",
						"debug": "2.6.8",
						"diff": "3.2.0",
						"escape-string-regexp": "1.0.5",
						"glob": "7.1.1",
						"growl": "1.9.2",
						"he": "1.1.1",
						"json3": "3.3.2",
						"lodash.create": "3.1.1",
						"mkdirp": "0.5.1",
						"supports-color": "3.1.2"
					},
					"dependencies": {
						"diff": {
							"version": "3.2.0",
							"resolved": "https://registry.npmjs.org/diff/-/diff-3.2.0.tgz",
							"integrity": "sha1-yc45Okt8vQsFinJck98pkCeGj/k=",
							"dev": true
						}
					}
				},
				"ms": {
					"version": "2.0.0",
					"resolved": "https://registry.npmjs.org/ms/-/ms-2.0.0.tgz",
					"integrity": "sha1-VgiurfwAvmwpAd9fmGF4jeDVl8g=",
					"dev": true
				},
				"supports-color": {
					"version": "3.1.2",
					"resolved": "https://registry.npmjs.org/supports-color/-/supports-color-3.1.2.tgz",
					"integrity": "sha1-cqJiiU2dQIuVbKBf83su2KbiotU=",
					"dev": true,
					"requires": {
						"has-flag": "^1.0.0"
					}
				}
			}
		},
		"moment": {
			"version": "2.22.2",
			"resolved": "https://registry.npmjs.org/moment/-/moment-2.22.2.tgz",
			"integrity": "sha1-PCV/mDn8DpP/UxSWMiOeuQeD/2Y="
		},
		"ms": {
			"version": "2.1.1",
			"resolved": "https://registry.npmjs.org/ms/-/ms-2.1.1.tgz",
			"integrity": "sha512-tgp+dl5cGk28utYktBsrFqA7HKgrhgPsg6Z/EfhWI4gl1Hwq8B/GmY/0oXZ6nF8hDVesS/FpnYaD/kOWhYQvyg=="
		},
		"node-appc": {
			"version": "0.2.47",
			"resolved": "https://registry.npmjs.org/node-appc/-/node-appc-0.2.47.tgz",
			"integrity": "sha512-7ut/KUHyNv/MSwALvPi6+1AIP1hmlxxbWt9Z/aQhnitRAy2lzChp45CI9AgvcHPk+/CKcabVt3/6R83TwiaO2w==",
			"requires": {
				"adm-zip": "^0.4.11",
				"async": "^2.6.1",
				"colors": "^1.3.0",
				"diff": "^3.5.0",
				"fs-extra": "^2.1.2",
				"optimist": "^0.6.1",
				"request": "^2.87.0",
				"semver": "^5.5.0",
				"sprintf": "^0.1.5",
				"temp": "^0.8.3",
				"uglify-js": "^2.8.29",
				"uuid": "^3.2.1",
				"xmldom": "^0.1.27"
			},
			"dependencies": {
				"fs-extra": {
					"version": "2.1.2",
					"resolved": "https://registry.npmjs.org/fs-extra/-/fs-extra-2.1.2.tgz",
					"integrity": "sha1-BGxwFjzvmq1GsOSn+kZ/si1x3jU=",
					"requires": {
						"graceful-fs": "^4.1.2",
						"jsonfile": "^2.1.0"
					}
				},
				"jsonfile": {
					"version": "2.4.0",
					"resolved": "https://registry.npmjs.org/jsonfile/-/jsonfile-2.4.0.tgz",
					"integrity": "sha1-NzaitCi4e72gzIO1P6PWM6NcKug=",
					"requires": {
						"graceful-fs": "^4.1.6"
					}
				}
			}
		},
		"oauth-sign": {
			"version": "0.8.2",
			"resolved": "https://registry.npmjs.org/oauth-sign/-/oauth-sign-0.8.2.tgz",
			"integrity": "sha1-Rqarfwrq2N6unsBWV4C31O/rnUM="
		},
		"once": {
			"version": "1.4.0",
			"resolved": "https://registry.npmjs.org/once/-/once-1.4.0.tgz",
			"integrity": "sha1-WDsap3WWHUsROsF9nFC6753Xa9E=",
			"dev": true,
			"requires": {
				"wrappy": "1"
			}
		},
		"one-time": {
			"version": "0.0.4",
			"resolved": "https://registry.npmjs.org/one-time/-/one-time-0.0.4.tgz",
			"integrity": "sha1-+M33eISCb+Tf+T46nMN7HkSAdC4="
		},
		"optimist": {
			"version": "0.6.1",
			"resolved": "https://registry.npmjs.org/optimist/-/optimist-0.6.1.tgz",
			"integrity": "sha1-2j6nRob6IaGaERwybpDrFaAZZoY=",
			"requires": {
				"minimist": "~0.0.1",
				"wordwrap": "~0.0.2"
			}
		},
		"os-tmpdir": {
			"version": "1.0.2",
			"resolved": "https://registry.npmjs.org/os-tmpdir/-/os-tmpdir-1.0.2.tgz",
			"integrity": "sha1-u+Z0BseaqFxc/sdm/lc0VV36EnQ="
		},
		"path-is-absolute": {
			"version": "1.0.1",
			"resolved": "https://registry.npmjs.org/path-is-absolute/-/path-is-absolute-1.0.1.tgz",
			"integrity": "sha1-F0uSaHNVNP+8es5r9TpanhtcX18=",
			"dev": true
		},
		"performance-now": {
			"version": "2.1.0",
			"resolved": "https://registry.npmjs.org/performance-now/-/performance-now-2.1.0.tgz",
			"integrity": "sha1-Ywn04OX6kT7BxpMHrjZLSzd8nns="
		},
		"process-nextick-args": {
			"version": "2.0.0",
			"resolved": "https://registry.npmjs.org/process-nextick-args/-/process-nextick-args-2.0.0.tgz",
			"integrity": "sha512-MtEC1TqN0EU5nephaJ4rAtThHtC86dNN9qCuEhtshvpVBkAW5ZO7BASN9REnF9eoXGcRub+pFuKEpOHE+HbEMw=="
		},
		"promise": {
			"version": "6.1.0",
			"resolved": "https://registry.npmjs.org/promise/-/promise-6.1.0.tgz",
			"integrity": "sha1-LOcp9rlLRcJoka0GAsXJDgTG7vY=",
			"dev": true,
			"requires": {
				"asap": "~1.0.0"
			}
		},
		"punycode": {
			"version": "1.4.1",
			"resolved": "https://registry.npmjs.org/punycode/-/punycode-1.4.1.tgz",
			"integrity": "sha1-wNWmOycYgArY4esPpSachN1BhF4="
		},
		"qs": {
			"version": "6.5.2",
			"resolved": "https://registry.npmjs.org/qs/-/qs-6.5.2.tgz",
			"integrity": "sha512-N5ZAX4/LxJmF+7wN74pUD6qAh9/wnvdQcjq9TZjevvXzSUo7bfmw91saqMjzGS2xq91/odN2dW/WOl7qQHNDGA=="
		},
		"readable-stream": {
			"version": "2.3.6",
			"resolved": "https://registry.npmjs.org/readable-stream/-/readable-stream-2.3.6.tgz",
			"integrity": "sha512-tQtKA9WIAhBF3+VLAseyMqZeBjW0AHJoxOtYqSUZNJxauErmLbVm2FW1y+J/YA9dUrAC39ITejlZWhVIwawkKw==",
			"requires": {
				"core-util-is": "~1.0.0",
				"inherits": "~2.0.3",
				"isarray": "~1.0.0",
				"process-nextick-args": "~2.0.0",
				"safe-buffer": "~5.1.1",
				"string_decoder": "~1.1.1",
				"util-deprecate": "~1.0.1"
			}
		},
		"repeat-string": {
			"version": "1.6.1",
			"resolved": "https://registry.npmjs.org/repeat-string/-/repeat-string-1.6.1.tgz",
			"integrity": "sha1-jcrkcOHIirwtYA//Sndihtp15jc="
		},
		"request": {
			"version": "2.87.0",
			"resolved": "https://registry.npmjs.org/request/-/request-2.87.0.tgz",
			"integrity": "sha512-fcogkm7Az5bsS6Sl0sibkbhcKsnyon/jV1kF3ajGmF0c8HrttdKTPRT9hieOaQHA5HEq6r8OyWOo/o781C1tNw==",
			"requires": {
				"aws-sign2": "~0.7.0",
				"aws4": "^1.6.0",
				"caseless": "~0.12.0",
				"combined-stream": "~1.0.5",
				"extend": "~3.0.1",
				"forever-agent": "~0.6.1",
				"form-data": "~2.3.1",
				"har-validator": "~5.0.3",
				"http-signature": "~1.2.0",
				"is-typedarray": "~1.0.0",
				"isstream": "~0.1.2",
				"json-stringify-safe": "~5.0.1",
				"mime-types": "~2.1.17",
				"oauth-sign": "~0.8.2",
				"performance-now": "^2.1.0",
				"qs": "~6.5.1",
				"safe-buffer": "^5.1.1",
				"tough-cookie": "~2.3.3",
				"tunnel-agent": "^0.6.0",
				"uuid": "^3.1.0"
			}
		},
		"right-align": {
			"version": "0.1.3",
			"resolved": "https://registry.npmjs.org/right-align/-/right-align-0.1.3.tgz",
			"integrity": "sha1-YTObci/mo1FWiSENJOFMlhSGE+8=",
			"requires": {
				"align-text": "^0.1.1"
			}
		},
		"rimraf": {
			"version": "2.2.8",
			"resolved": "https://registry.npmjs.org/rimraf/-/rimraf-2.2.8.tgz",
			"integrity": "sha1-5Dm+Kq7jJzIZUnMPmaiSnk/FBYI="
		},
		"safe-buffer": {
			"version": "5.1.2",
			"resolved": "https://registry.npmjs.org/safe-buffer/-/safe-buffer-5.1.2.tgz",
			"integrity": "sha512-Gd2UZBJDkXlY7GbJxfsE8/nvKkUEU1G38c1siN6QP6a9PT9MmHB8GnpscSmMJSoF8LOIrt8ud/wPtojys4G6+g=="
		},
		"safer-buffer": {
			"version": "2.1.2",
			"resolved": "https://registry.npmjs.org/safer-buffer/-/safer-buffer-2.1.2.tgz",
			"integrity": "sha512-YZo3K82SD7Riyi0E1EQPojLz7kpepnSQI9IyPbHHg1XXXevb5dJI7tpyN2ADxGcQbHG7vcyRHk0cbwqcQriUtg=="
		},
		"semver": {
			"version": "5.5.0",
			"resolved": "https://registry.npmjs.org/semver/-/semver-5.5.0.tgz",
			"integrity": "sha512-4SJ3dm0WAwWy/NVeioZh5AntkdJoWKxHxcmyP622fOkgHa4z3R0TdBJICINyaSDE6uNwVc8gZr+ZinwZAH4xIA=="
		},
		"should": {
			"version": "13.2.1",
			"resolved": "https://registry.npmjs.org/should/-/should-13.2.1.tgz",
			"integrity": "sha512-l+/NwEMO+DcstsHEwPHRHzC9j4UOE3VQwJGcMWSsD/vqpqHbnQ+1iSHy64Ihmmjx1uiRPD9pFadTSc3MJtXAgw==",
			"dev": true,
			"requires": {
				"should-equal": "^2.0.0",
				"should-format": "^3.0.3",
				"should-type": "^1.4.0",
				"should-type-adaptors": "^1.0.1",
				"should-util": "^1.0.0"
			}
		},
		"should-equal": {
			"version": "2.0.0",
			"resolved": "https://registry.npmjs.org/should-equal/-/should-equal-2.0.0.tgz",
			"integrity": "sha512-ZP36TMrK9euEuWQYBig9W55WPC7uo37qzAEmbjHz4gfyuXrEUgF8cUvQVO+w+d3OMfPvSRQJ22lSm8MQJ43LTA==",
			"dev": true,
			"requires": {
				"should-type": "^1.4.0"
			}
		},
		"should-format": {
			"version": "3.0.3",
			"resolved": "https://registry.npmjs.org/should-format/-/should-format-3.0.3.tgz",
			"integrity": "sha1-m/yPdPo5IFxT04w01xcwPidxJPE=",
			"dev": true,
			"requires": {
				"should-type": "^1.3.0",
				"should-type-adaptors": "^1.0.1"
			}
		},
		"should-type": {
			"version": "1.4.0",
			"resolved": "https://registry.npmjs.org/should-type/-/should-type-1.4.0.tgz",
			"integrity": "sha1-B1bYzoRt/QmEOmlHcZ36DUz/XPM=",
			"dev": true
		},
		"should-type-adaptors": {
			"version": "1.1.0",
			"resolved": "https://registry.npmjs.org/should-type-adaptors/-/should-type-adaptors-1.1.0.tgz",
			"integrity": "sha512-JA4hdoLnN+kebEp2Vs8eBe9g7uy0zbRo+RMcU0EsNy+R+k049Ki+N5tT5Jagst2g7EAja+euFuoXFCa8vIklfA==",
			"dev": true,
			"requires": {
				"should-type": "^1.3.0",
				"should-util": "^1.0.0"
			}
		},
		"should-util": {
			"version": "1.0.0",
			"resolved": "https://registry.npmjs.org/should-util/-/should-util-1.0.0.tgz",
			"integrity": "sha1-yYzaN0qmsZDfi6h8mInCtNtiAGM=",
			"dev": true
		},
		"source-map": {
			"version": "0.6.1",
			"resolved": "https://registry.npmjs.org/source-map/-/source-map-0.6.1.tgz",
			"integrity": "sha512-UjgapumWlbMhkBgzT7Ykc5YXUT46F0iKu8SGXq0bcwP5dz/h0Plj6enJqjz1Zbq2l5WaqYnrVbwWOWMyF3F47g=="
		},
		"source-map-support": {
			"version": "0.5.6",
			"resolved": "https://registry.npmjs.org/source-map-support/-/source-map-support-0.5.6.tgz",
			"integrity": "sha512-N4KXEz7jcKqPf2b2vZF11lQIz9W5ZMuUcIOGj243lduidkf2fjkVKJS9vNxVWn3u/uxX38AcE8U9nnH9FPcq+g==",
			"requires": {
				"buffer-from": "^1.0.0",
				"source-map": "^0.6.0"
			}
		},
		"sprintf": {
			"version": "0.1.5",
			"resolved": "https://registry.npmjs.org/sprintf/-/sprintf-0.1.5.tgz",
			"integrity": "sha1-j4PjmpMXwaUCy324BQ5Rxnn27c8="
		},
		"sshpk": {
			"version": "1.14.2",
			"resolved": "https://registry.npmjs.org/sshpk/-/sshpk-1.14.2.tgz",
			"integrity": "sha1-xvxhZIo9nE52T9P8306hBeSSupg=",
			"requires": {
				"asn1": "~0.2.3",
				"assert-plus": "^1.0.0",
				"bcrypt-pbkdf": "^1.0.0",
				"dashdash": "^1.12.0",
				"ecc-jsbn": "~0.1.1",
				"getpass": "^0.1.1",
				"jsbn": "~0.1.0",
				"safer-buffer": "^2.0.2",
				"tweetnacl": "~0.14.0"
			}
		},
		"stack-trace": {
			"version": "0.0.10",
			"resolved": "https://registry.npmjs.org/stack-trace/-/stack-trace-0.0.10.tgz",
			"integrity": "sha1-VHxws0fo0ytOEI6hoqFZ5f3eGcA="
		},
		"string_decoder": {
			"version": "1.1.1",
			"resolved": "https://registry.npmjs.org/string_decoder/-/string_decoder-1.1.1.tgz",
			"integrity": "sha512-n/ShnvDi6FHbbVfviro+WojiFzv+s8MPMHBczVePfUpDJLwoLT0ht1l4YwBCbi8pJAveEEdnkHyPyTP/mzRfwg==",
			"requires": {
				"safe-buffer": "~5.1.0"
			}
		},
		"supports-color": {
			"version": "5.4.0",
			"resolved": "https://registry.npmjs.org/supports-color/-/supports-color-5.4.0.tgz",
			"integrity": "sha512-zjaXglF5nnWpsq470jSv6P9DwPvgLkuapYmfDm3JWOm0vkNTVF2tI4UrN2r6jH1qM/uc/WtxYY1hYoA2dOKj5w==",
			"dev": true,
			"requires": {
				"has-flag": "^3.0.0"
			}
		},
		"temp": {
			"version": "0.8.3",
			"resolved": "https://registry.npmjs.org/temp/-/temp-0.8.3.tgz",
			"integrity": "sha1-4Ma8TSa5AxJEEOT+2BEDAU38H1k=",
			"requires": {
				"os-tmpdir": "^1.0.0",
				"rimraf": "~2.2.6"
			}
		},
		"text-hex": {
			"version": "0.0.0",
			"resolved": "https://registry.npmjs.org/text-hex/-/text-hex-0.0.0.tgz",
			"integrity": "sha1-V4+8haapJjbkLdF7QdAhjM6esrM="
		},
		"tough-cookie": {
			"version": "2.3.4",
			"resolved": "https://registry.npmjs.org/tough-cookie/-/tough-cookie-2.3.4.tgz",
			"integrity": "sha512-TZ6TTfI5NtZnuyy/Kecv+CnoROnyXn2DN97LontgQpCwsX2XyLYCC0ENhYkehSOwAp8rTQKc/NUIF7BkQ5rKLA==",
			"requires": {
				"punycode": "^1.4.1"
			}
		},
		"transformers": {
			"version": "2.1.0",
			"resolved": "https://registry.npmjs.org/transformers/-/transformers-2.1.0.tgz",
			"integrity": "sha1-XSPLNVYd2F3Gf7hIIwm0fVPM6ac=",
			"dev": true,
			"requires": {
				"css": "~1.0.8",
				"promise": "~2.0",
				"uglify-js": "~2.2.5"
			},
			"dependencies": {
				"is-promise": {
					"version": "1.0.1",
					"resolved": "https://registry.npmjs.org/is-promise/-/is-promise-1.0.1.tgz",
					"integrity": "sha1-MVc3YcBX4zwukaq56W2gjO++duU=",
					"dev": true
				},
				"optimist": {
					"version": "0.3.7",
					"resolved": "https://registry.npmjs.org/optimist/-/optimist-0.3.7.tgz",
					"integrity": "sha1-yQlBrVnkJzMokjB00s8ufLxuwNk=",
					"dev": true,
					"requires": {
						"wordwrap": "~0.0.2"
					}
				},
				"promise": {
					"version": "2.0.0",
					"resolved": "https://registry.npmjs.org/promise/-/promise-2.0.0.tgz",
					"integrity": "sha1-RmSKqdYFr10ucMMCS/WUNtoCuA4=",
					"dev": true,
					"requires": {
						"is-promise": "~1"
					}
				},
				"source-map": {
					"version": "0.1.43",
					"resolved": "https://registry.npmjs.org/source-map/-/source-map-0.1.43.tgz",
					"integrity": "sha1-wkvBRspRfBRx9drL4lcbK3+eM0Y=",
					"dev": true,
					"requires": {
						"amdefine": ">=0.0.4"
					}
				},
				"uglify-js": {
					"version": "2.2.5",
					"resolved": "https://registry.npmjs.org/uglify-js/-/uglify-js-2.2.5.tgz",
					"integrity": "sha1-puAqcNg5eSuXgEiLe4sYTAlcmcc=",
					"dev": true,
					"requires": {
						"optimist": "~0.3.5",
						"source-map": "~0.1.7"
					}
				}
			}
		},
		"triple-beam": {
			"version": "1.3.0",
			"resolved": "https://registry.npmjs.org/triple-beam/-/triple-beam-1.3.0.tgz",
			"integrity": "sha512-XrHUvV5HpdLmIj4uVMxHggLbFSZYIn7HEWsqePZcI50pco+MPqJ50wMGY794X7AOOhxOBAjbkqfAbEe/QMp2Lw=="
		},
		"tunnel-agent": {
			"version": "0.6.0",
			"resolved": "https://registry.npmjs.org/tunnel-agent/-/tunnel-agent-0.6.0.tgz",
			"integrity": "sha1-J6XeoGs2sEoKmWZ3SykIaPD8QP0=",
			"requires": {
				"safe-buffer": "^5.0.1"
			}
		},
		"tweetnacl": {
			"version": "0.14.5",
			"resolved": "https://registry.npmjs.org/tweetnacl/-/tweetnacl-0.14.5.tgz",
			"integrity": "sha1-WuaBd/GS1EViadEIr6k/+HQ/T2Q=",
			"optional": true
		},
		"uglify-js": {
			"version": "2.8.29",
			"resolved": "https://registry.npmjs.org/uglify-js/-/uglify-js-2.8.29.tgz",
			"integrity": "sha1-KcVzMUgFe7Th913zW3qcty5qWd0=",
			"requires": {
				"source-map": "~0.5.1",
				"uglify-to-browserify": "~1.0.0",
				"yargs": "~3.10.0"
			},
			"dependencies": {
				"source-map": {
					"version": "0.5.7",
					"resolved": "https://registry.npmjs.org/source-map/-/source-map-0.5.7.tgz",
					"integrity": "sha1-igOdLRAh0i0eoUyA2OpGi6LvP8w="
				}
			}
		},
		"uglify-to-browserify": {
			"version": "1.0.2",
			"resolved": "https://registry.npmjs.org/uglify-to-browserify/-/uglify-to-browserify-1.0.2.tgz",
			"integrity": "sha1-bgkk1r2mta/jSeOabWMoUKD4grc=",
			"optional": true
		},
		"universalify": {
			"version": "0.1.1",
			"resolved": "https://registry.npmjs.org/universalify/-/universalify-0.1.1.tgz",
			"integrity": "sha1-+nG63UQ3r0wUiEHjs7Fl+enlkLc="
		},
		"util-deprecate": {
			"version": "1.0.2",
			"resolved": "https://registry.npmjs.org/util-deprecate/-/util-deprecate-1.0.2.tgz",
			"integrity": "sha1-RQ1Nyfpw3nMnYvvS1KKJgUGaDM8="
		},
		"uuid": {
			"version": "3.2.1",
			"resolved": "https://registry.npmjs.org/uuid/-/uuid-3.2.1.tgz",
			"integrity": "sha512-jZnMwlb9Iku/O3smGWvZhauCf6cvvpKi4BKRiliS3cxnI+Gz9j5MEpTz2UFuXiKPJocb7gnsLHwiS05ige5BEA=="
		},
		"verror": {
			"version": "1.10.0",
			"resolved": "https://registry.npmjs.org/verror/-/verror-1.10.0.tgz",
			"integrity": "sha1-OhBcoXBTr1XW4nDB+CiGguGNpAA=",
			"requires": {
				"assert-plus": "^1.0.0",
				"core-util-is": "1.0.2",
				"extsprintf": "^1.2.0"
			}
		},
		"void-elements": {
			"version": "2.0.1",
			"resolved": "https://registry.npmjs.org/void-elements/-/void-elements-2.0.1.tgz",
			"integrity": "sha1-wGavtYK7HLQSjWDqkjkulNXp2+w=",
			"dev": true
		},
		"window-size": {
			"version": "0.1.0",
			"resolved": "https://registry.npmjs.org/window-size/-/window-size-0.1.0.tgz",
			"integrity": "sha1-VDjNLqk7IC76Ohn+iIeu58lPnJ0="
		},
		"winston": {
			"version": "3.0.0",
			"resolved": "https://registry.npmjs.org/winston/-/winston-3.0.0.tgz",
			"integrity": "sha512-7QyfOo1PM5zGL6qma6NIeQQMh71FBg/8fhkSAePqtf5YEi6t+UrPDcUuHhuuUasgso49ccvMEsmqr0GBG2qaMQ==",
			"requires": {
				"async": "^2.6.0",
				"diagnostics": "^1.0.1",
				"is-stream": "^1.1.0",
				"logform": "^1.9.0",
				"one-time": "0.0.4",
				"readable-stream": "^2.3.6",
				"stack-trace": "0.0.x",
				"triple-beam": "^1.3.0",
				"winston-transport": "^4.2.0"
			}
		},
		"winston-transport": {
			"version": "4.2.0",
			"resolved": "https://registry.npmjs.org/winston-transport/-/winston-transport-4.2.0.tgz",
			"integrity": "sha512-0R1bvFqxSlK/ZKTH86nymOuKv/cT1PQBMuDdA7k7f0S9fM44dNH6bXnuxwXPrN8lefJgtZq08BKdyZ0DZIy/rg==",
			"requires": {
				"readable-stream": "^2.3.6",
				"triple-beam": "^1.2.0"
			}
		},
		"with": {
			"version": "4.0.3",
			"resolved": "https://registry.npmjs.org/with/-/with-4.0.3.tgz",
			"integrity": "sha1-7v0VTp550sjTQXtkeo8U2f7M4U4=",
			"dev": true,
			"requires": {
				"acorn": "^1.0.1",
				"acorn-globals": "^1.0.3"
			},
			"dependencies": {
				"acorn": {
					"version": "1.2.2",
					"resolved": "https://registry.npmjs.org/acorn/-/acorn-1.2.2.tgz",
					"integrity": "sha1-yM4n3grMdtiW0rH6099YjZ6C8BQ=",
					"dev": true
				}
			}
		},
		"wordwrap": {
			"version": "0.0.3",
			"resolved": "https://registry.npmjs.org/wordwrap/-/wordwrap-0.0.3.tgz",
			"integrity": "sha1-o9XabNXAvAAI03I0u68b7WMFkQc="
		},
		"wrappy": {
			"version": "1.0.2",
			"resolved": "https://registry.npmjs.org/wrappy/-/wrappy-1.0.2.tgz",
			"integrity": "sha1-tSQ9jz7BqjXxNkYFvA0QNuMKtp8=",
			"dev": true
		},
		"xml": {
			"version": "1.0.1",
			"resolved": "https://registry.npmjs.org/xml/-/xml-1.0.1.tgz",
			"integrity": "sha1-eLpyAgApxbyHuKgaPPzXS0ovweU=",
			"dev": true
		},
		"xmldom": {
			"version": "0.1.27",
			"resolved": "https://registry.npmjs.org/xmldom/-/xmldom-0.1.27.tgz",
			"integrity": "sha1-1QH5ezvbQDr4757MIFcxh6rawOk="
		},
		"yargs": {
			"version": "3.10.0",
			"resolved": "https://registry.npmjs.org/yargs/-/yargs-3.10.0.tgz",
			"integrity": "sha1-9+572FfdfB0tOMDnTvvWgdFDH9E=",
			"requires": {
				"camelcase": "^1.0.2",
				"cliui": "^2.1.0",
				"decamelize": "^1.0.0",
				"window-size": "0.1.0"
			}
		}
	}
}
